PODS:
  - Alamofire (5.2.2)
  - SwiftyJSON (5.0.0)
  - SWRevealViewController (2.3.0)
  - Toast-Swift (5.0.0)

DEPENDENCIES:
  - Alamofire (~> 5.2)
  - SwiftyJSON (= 5.0.0)
  - SWRevealViewController (~> 2.3)
  - Toast-Swift (= 5.0.0)

SPEC REPOS:
  trunk:
    - Alamofire
    - SwiftyJSON
    - SWRevealViewController
    - Toast-Swift

SPEC CHECKSUMS:
  Alamofire: 814429acc853c6c54ff123fc3d2ef66803823ce0
  SwiftyJSON: 36413e04c44ee145039d332b4f4e2d3e8d6c4db7
  SWRevealViewController: 6d3fd97f70112fd7cef9de14df4260eacce4c63a
  Toast-Swift: 36f4720243c8582c2be243a60a51e193c761f541

PODFILE CHECKSUM: 02b72a5651510ad4489a2e47f8dedf08ef0ce805

COCOAPODS: 1.9.0
